<Solution>
  <Folder Name="/Solution Items/">
    <File Path=".DS_Store" />
    <File Path="docker-compose.yml" />
  </Folder>
  <Project Path="EAWebApp/EAWebApp.csproj" />
  <Project Path="FrameworkDemo/FrameworkDemo.csproj" />
  <Project Path="ProductAPI/ProductAPI.csproj" />
  <Project Path="SpecFlowTest/SpecFlowTest.csproj" Id="12f6e2b6-ec92-4486-a40e-1a0c86b95673" />
  <Project Path="TestAutomationD/ApplicationTestDemo.csproj" />
</Solution>



